// !$*UTF8*$!
{
	archiveVersion = 1;
	classes = {
	};
	objectVersion = 56;
	objects = {

/* Begin PBXBuildFile section */
		33124F7A28FC3CF20091672E /* UITextField + Extension.swift in Sources */ = {isa = PBXBuildFile; fileRef = 33124F7928FC3CF20091672E /* UITextField + Extension.swift */; };
		332AB80E28F5973900E0FD32 /* AppDelegate.swift in Sources */ = {isa = PBXBuildFile; fileRef = 332AB80D28F5973900E0FD32 /* AppDelegate.swift */; };
		332AB81028F5973900E0FD32 /* SceneDelegate.swift in Sources */ = {isa = PBXBuildFile; fileRef = 332AB80F28F5973900E0FD32 /* SceneDelegate.swift */; };
		332AB81228F5973900E0FD32 /* HomeViewController.swift in Sources */ = {isa = PBXBuildFile; fileRef = 332AB81128F5973900E0FD32 /* HomeViewController.swift */; };
		332AB81728F5973A00E0FD32 /* Assets.xcassets in Resources */ = {isa = PBXBuildFile; fileRef = 332AB81628F5973A00E0FD32 /* Assets.xcassets */; };
		332AB81A28F5973A00E0FD32 /* LaunchScreen.storyboard in Resources */ = {isa = PBXBuildFile; fileRef = 332AB81828F5973A00E0FD32 /* LaunchScreen.storyboard */; };
		334390622901A457000CB1F6 /* CircularStd-Medium.ttf in Resources */ = {isa = PBXBuildFile; fileRef = 3343905E2901A456000CB1F6 /* CircularStd-Medium.ttf */; };
		334390632901A457000CB1F6 /* CircularStd-Book.ttf in Resources */ = {isa = PBXBuildFile; fileRef = 3343905F2901A456000CB1F6 /* CircularStd-Book.ttf */; };
		334390652901A457000CB1F6 /* CircularStd-Bold.ttf in Resources */ = {isa = PBXBuildFile; fileRef = 334390612901A457000CB1F6 /* CircularStd-Bold.ttf */; };
		334390672901A490000CB1F6 /* CircularStd-Black.ttf in Resources */ = {isa = PBXBuildFile; fileRef = 334390662901A490000CB1F6 /* CircularStd-Black.ttf */; };
		3343906A2901A668000CB1F6 /* Helper.swift in Sources */ = {isa = PBXBuildFile; fileRef = 334390692901A668000CB1F6 /* Helper.swift */; };
		3343906C2901ADA8000CB1F6 /* AppFontName.swift in Sources */ = {isa = PBXBuildFile; fileRef = 3343906B2901ADA8000CB1F6 /* AppFontName.swift */; };
		33BC7F1C29006C7F0098E966 /* NewsTableViewCell.swift in Sources */ = {isa = PBXBuildFile; fileRef = 33BC7F1B29006C7F0098E966 /* NewsTableViewCell.swift */; };
		33BC7F1F2900757C0098E966 /* Constants.swift in Sources */ = {isa = PBXBuildFile; fileRef = 33BC7F1E2900757C0098E966 /* Constants.swift */; };
/* End PBXBuildFile section */

/* Begin PBXFileReference section */
		33124F7928FC3CF20091672E /* UITextField + Extension.swift */ = {isa = PBXFileReference; lastKnownFileType = sourcecode.swift; path = "UITextField + Extension.swift"; sourceTree = "<group>"; };
		332AB80A28F5973900E0FD32 /* Pokedex.app */ = {isa = PBXFileReference; explicitFileType = wrapper.application; includeInIndex = 0; path = Pokedex.app; sourceTree = BUILT_PRODUCTS_DIR; };
		332AB80D28F5973900E0FD32 /* AppDelegate.swift */ = {isa = PBXFileReference; lastKnownFileType = sourcecode.swift; path = AppDelegate.swift; sourceTree = "<group>"; };
		332AB80F28F5973900E0FD32 /* SceneDelegate.swift */ = {isa = PBXFileReference; lastKnownFileType = sourcecode.swift; path = SceneDelegate.swift; sourceTree = "<group>"; };
		332AB81128F5973900E0FD32 /* HomeViewController.swift */ = {isa = PBXFileReference; lastKnownFileType = sourcecode.swift; path = HomeViewController.swift; sourceTree = "<group>"; };
		332AB81628F5973A00E0FD32 /* Assets.xcassets */ = {isa = PBXFileReference; lastKnownFileType = folder.assetcatalog; path = Assets.xcassets; sourceTree = "<group>"; };
		332AB81928F5973A00E0FD32 /* Base */ = {isa = PBXFileReference; lastKnownFileType = file.storyboard; name = Base; path = Base.lproj/LaunchScreen.storyboard; sourceTree = "<group>"; };
		332AB81B28F5973A00E0FD32 /* Info.plist */ = {isa = PBXFileReference; lastKnownFileType = text.plist.xml; path = Info.plist; sourceTree = "<group>"; };
		3343905E2901A456000CB1F6 /* CircularStd-Medium.ttf */ = {isa = PBXFileReference; lastKnownFileType = file; path = "CircularStd-Medium.ttf"; sourceTree = "<group>"; };
		3343905F2901A456000CB1F6 /* CircularStd-Book.ttf */ = {isa = PBXFileReference; lastKnownFileType = file; path = "CircularStd-Book.ttf"; sourceTree = "<group>"; };
		334390612901A457000CB1F6 /* CircularStd-Bold.ttf */ = {isa = PBXFileReference; lastKnownFileType = file; path = "CircularStd-Bold.ttf"; sourceTree = "<group>"; };
		334390662901A490000CB1F6 /* CircularStd-Black.ttf */ = {isa = PBXFileReference; lastKnownFileType = file; path = "CircularStd-Black.ttf"; sourceTree = "<group>"; };
		334390692901A668000CB1F6 /* Helper.swift */ = {isa = PBXFileReference; lastKnownFileType = sourcecode.swift; path = Helper.swift; sourceTree = "<group>"; };
		3343906B2901ADA8000CB1F6 /* AppFontName.swift */ = {isa = PBXFileReference; lastKnownFileType = sourcecode.swift; path = AppFontName.swift; sourceTree = "<group>"; };
		33BC7F1B29006C7F0098E966 /* NewsTableViewCell.swift */ = {isa = PBXFileReference; lastKnownFileType = sourcecode.swift; path = NewsTableViewCell.swift; sourceTree = "<group>"; };
		33BC7F1E2900757C0098E966 /* Constants.swift */ = {isa = PBXFileReference; lastKnownFileType = sourcecode.swift; path = Constants.swift; sourceTree = "<group>"; };
/* End PBXFileReference section */

/* Begin PBXFrameworksBuildPhase section */
		332AB80728F5973900E0FD32 /* Frameworks */ = {
			isa = PBXFrameworksBuildPhase;
			buildActionMask = 2147483647;
			files = (
			);
			runOnlyForDeploymentPostprocessing = 0;
		};
/* End PBXFrameworksBuildPhase section */

/* Begin PBXGroup section */
		33124F7828FC3CCE0091672E /* Extension */ = {
			isa = PBXGroup;
			children = (
				33124F7928FC3CF20091672E /* UITextField + Extension.swift */,
			);
			path = Extension;
			sourceTree = "<group>";
		};
		332AB80128F5973900E0FD32 = {
			isa = PBXGroup;
			children = (
				332AB80C28F5973900E0FD32 /* Pokedex */,
				332AB80B28F5973900E0FD32 /* Products */,
			);
			sourceTree = "<group>";
		};
		332AB80B28F5973900E0FD32 /* Products */ = {
			isa = PBXGroup;
			children = (
				332AB80A28F5973900E0FD32 /* Pokedex.app */,
			);
			name = Products;
			sourceTree = "<group>";
		};
		332AB80C28F5973900E0FD32 /* Pokedex */ = {
			isa = PBXGroup;
			children = (
				334390682901A65A000CB1F6 /* Helper */,
				3343905B2901A2FA000CB1F6 /* Font */,
				33BC7F1D290075610098E966 /* Constants */,
				336F750128FDBCEC0072B85D /* view */,
				33124F7828FC3CCE0091672E /* Extension */,
				332AB80D28F5973900E0FD32 /* AppDelegate.swift */,
				332AB80F28F5973900E0FD32 /* SceneDelegate.swift */,
				332AB81128F5973900E0FD32 /* HomeViewController.swift */,
				332AB81628F5973A00E0FD32 /* Assets.xcassets */,
				332AB81828F5973A00E0FD32 /* LaunchScreen.storyboard */,
				332AB81B28F5973A00E0FD32 /* Info.plist */,
			);
			path = Pokedex;
			sourceTree = "<group>";
		};
		3343905B2901A2FA000CB1F6 /* Font */ = {
			isa = PBXGroup;
			children = (
				334390662901A490000CB1F6 /* CircularStd-Black.ttf */,
				334390612901A457000CB1F6 /* CircularStd-Bold.ttf */,
				3343905F2901A456000CB1F6 /* CircularStd-Book.ttf */,
				3343905E2901A456000CB1F6 /* CircularStd-Medium.ttf */,
			);
			path = Font;
			sourceTree = "<group>";
		};
		334390682901A65A000CB1F6 /* Helper */ = {
			isa = PBXGroup;
			children = (
				334390692901A668000CB1F6 /* Helper.swift */,
			);
			path = Helper;
			sourceTree = "<group>";
		};
		336F750128FDBCEC0072B85D /* view */ = {
			isa = PBXGroup;
			children = (
				33BC7F1B29006C7F0098E966 /* NewsTableViewCell.swift */,
			);
			path = view;
			sourceTree = "<group>";
		};
		33BC7F1D290075610098E966 /* Constants */ = {
			isa = PBXGroup;
			children = (
				33BC7F1E2900757C0098E966 /* Constants.swift */,
				3343906B2901ADA8000CB1F6 /* AppFontName.swift */,
			);
			path = Constants;
			sourceTree = "<group>";
		};
/* End PBXGroup section */

/* Begin PBXNativeTarget section */
		332AB80928F5973900E0FD32 /* Pokedex */ = {
			isa = PBXNativeTarget;
			buildConfigurationList = 332AB81E28F5973A00E0FD32 /* Build configuration list for PBXNativeTarget "Pokedex" */;
			buildPhases = (
				332AB80628F5973900E0FD32 /* Sources */,
				332AB80728F5973900E0FD32 /* Frameworks */,
				332AB80828F5973900E0FD32 /* Resources */,
			);
			buildRules = (
			);
			dependencies = (
			);
			name = Pokedex;
			productName = Pokedex;
			productReference = 332AB80A28F5973900E0FD32 /* Pokedex.app */;
			productType = "com.apple.product-type.application";
		};
/* End PBXNativeTarget section */

/* Begin PBXProject section */
		332AB80228F5973900E0FD32 /* Project object */ = {
			isa = PBXProject;
			attributes = {
				BuildIndependentTargetsInParallel = 1;
				LastSwiftUpdateCheck = 1400;
				LastUpgradeCheck = 1400;
				TargetAttributes = {
					332AB80928F5973900E0FD32 = {
						CreatedOnToolsVersion = 14.0;
					};
				};
			};
			buildConfigurationList = 332AB80528F5973900E0FD32 /* Build configuration list for PBXProject "Pokedex" */;
			compatibilityVersion = "Xcode 14.0";
			developmentRegion = en;
			hasScannedForEncodings = 0;
			knownRegions = (
				en,
				Base,
			);
			mainGroup = 332AB80128F5973900E0FD32;
			productRefGroup = 332AB80B28F5973900E0FD32 /* Products */;
			projectDirPath = "";
			projectRoot = "";
			targets = (
				332AB80928F5973900E0FD32 /* Pokedex */,
			);
		};
/* End PBXProject section */

/* Begin PBXResourcesBuildPhase section */
		332AB80828F5973900E0FD32 /* Resources */ = {
			isa = PBXResourcesBuildPhase;
			buildActionMask = 2147483647;
			files = (
				334390632901A457000CB1F6 /* CircularStd-Book.ttf in Resources */,
				334390652901A457000CB1F6 /* CircularStd-Bold.ttf in Resources */,
				334390622901A457000CB1F6 /* CircularStd-Medium.ttf in Resources */,
				334390672901A490000CB1F6 /* CircularStd-Black.ttf in Resources */,
				332AB81A28F5973A00E0FD32 /* LaunchScreen.storyboard in Resources */,
				332AB81728F5973A00E0FD32 /* Assets.xcassets in Resources */,
			);
			runOnlyForDeploymentPostprocessing = 0;
		};
/* End PBXResourcesBuildPhase section */

/* Begin PBXSourcesBuildPhase section */
		332AB80628F5973900E0FD32 /* Sources */ = {
			isa = PBXSourcesBuildPhase;
			buildActionMask = 2147483647;
			files = (
				332AB81228F5973900E0FD32 /* HomeViewController.swift in Sources */,
				3343906A2901A668000CB1F6 /* Helper.swift in Sources */,
				33BC7F1F2900757C0098E966 /* Constants.swift in Sources */,
				332AB80E28F5973900E0FD32 /* AppDelegate.swift in Sources */,
				33BC7F1C29006C7F0098E966 /* NewsTableViewCell.swift in Sources */,
				3343906C2901ADA8000CB1F6 /* AppFontName.swift in Sources */,
				332AB81028F5973900E0FD32 /* SceneDelegate.swift in Sources */,
				33124F7A28FC3CF20091672E /* UITextField + Extension.swift in Sources */,
			);
			runOnlyForDeploymentPostprocessing = 0;
		};
/* End PBXSourcesBuildPhase section */

/* Begin PBXVariantGroup section */
		332AB81828F5973A00E0FD32 /* LaunchScreen.storyboard */ = {
			isa = PBXVariantGroup;
			children = (
				332AB81928F5973A00E0FD32 /* Base */,
			);
			name = LaunchScreen.storyboard;
			sourceTree = "<group>";
		};
/* End PBXVariantGroup section */

/* Begin XCBuildConfiguration section */
		332AB81C28F5973A00E0FD32 /* Debug */ = {
			isa = XCBuildConfiguration;
			buildSettings = {
				ALWAYS_SEARCH_USER_PATHS = NO;
				CLANG_ANALYZER_NONNULL = YES;
				CLANG_ANALYZER_NUMBER_OBJECT_CONVERSION = YES_AGGRESSIVE;
				CLANG_CXX_LANGUAGE_STANDARD = "gnu++20";
				CLANG_ENABLE_MODULES = YES;
				CLANG_ENABLE_OBJC_ARC = YES;
				CLANG_ENABLE_OBJC_WEAK = YES;
				CLANG_WARN_BLOCK_CAPTURE_AUTORELEASING = YES;
				CLANG_WARN_BOOL_CONVERSION = YES;
				CLANG_WARN_COMMA = YES;
				CLANG_WARN_CONSTANT_CONVERSION = YES;
				CLANG_WARN_DEPRECATED_OBJC_IMPLEMENTATIONS = YES;
				CLANG_WARN_DIRECT_OBJC_ISA_USAGE = YES_ERROR;
				CLANG_WARN_DOCUMENTATION_COMMENTS = YES;
				CLANG_WARN_EMPTY_BODY = YES;
				CLANG_WARN_ENUM_CONVERSION = YES;
				CLANG_WARN_INFINITE_RECURSION = YES;
				CLANG_WARN_INT_CONVERSION = YES;
				CLANG_WARN_NON_LITERAL_NULL_CONVERSION = YES;
				CLANG_WARN_OBJC_IMPLICIT_RETAIN_SELF = YES;
				CLANG_WARN_OBJC_LITERAL_CONVERSION = YES;
				CLANG_WARN_OBJC_ROOT_CLASS = YES_ERROR;
				CLANG_WARN_QUOTED_INCLUDE_IN_FRAMEWORK_HEADER = YES;
				CLANG_WARN_RANGE_LOOP_ANALYSIS = YES;
				CLANG_WARN_STRICT_PROTOTYPES = YES;
				CLANG_WARN_SUSPICIOUS_MOVE = YES;
				CLANG_WARN_UNGUARDED_AVAILABILITY = YES_AGGRESSIVE;
				CLANG_WARN_UNREACHABLE_CODE = YES;
				CLANG_WARN__DUPLICATE_METHOD_MATCH = YES;
				COPY_PHASE_STRIP = NO;
				DEBUG_INFORMATION_FORMAT = dwarf;
				ENABLE_STRICT_OBJC_MSGSEND = YES;
				ENABLE_TESTABILITY = YES;
				GCC_C_LANGUAGE_STANDARD = gnu11;
				GCC_DYNAMIC_NO_PIC = NO;
				GCC_NO_COMMON_BLOCKS = YES;
				GCC_OPTIMIZATION_LEVEL = 0;
				GCC_PREPROCESSOR_DEFINITIONS = (
					"DEBUG=1",
					"$(inherited)",
				);
				GCC_WARN_64_TO_32_BIT_CONVERSION = YES;
				GCC_WARN_ABOUT_RETURN_TYPE = YES_ERROR;
				GCC_WARN_UNDECLARED_SELECTOR = YES;
				GCC_WARN_UNINITIALIZED_AUTOS = YES_AGGRESSIVE;
				GCC_WARN_UNUSED_FUNCTION = YES;
				GCC_WARN_UNUSED_VARIABLE = YES;
				IPHONEOS_DEPLOYMENT_TARGET = 16.0;
				MTL_ENABLE_DEBUG_INFO = INCLUDE_SOURCE;
				MTL_FAST_MATH = YES;
				ONLY_ACTIVE_ARCH = YES;
				SDKROOT = iphoneos;
				SWIFT_ACTIVE_COMPILATION_CONDITIONS = DEBUG;
				SWIFT_OPTIMIZATION_LEVEL = "-Onone";
			};
			name = Debug;
		};
		332AB81D28F5973A00E0FD32 /* Release */ = {
			isa = XCBuildConfiguration;
			buildSettings = {
				ALWAYS_SEARCH_USER_PATHS = NO;
				CLANG_ANALYZER_NONNULL = YES;
				CLANG_ANALYZER_NUMBER_OBJECT_CONVERSION = YES_AGGRESSIVE;
				CLANG_CXX_LANGUAGE_STANDARD = "gnu++20";
				CLANG_ENABLE_MODULES = YES;
				CLANG_ENABLE_OBJC_ARC = YES;
				CLANG_ENABLE_OBJC_WEAK = YES;
				CLANG_WARN_BLOCK_CAPTURE_AUTORELEASING = YES;
				CLANG_WARN_BOOL_CONVERSION = YES;
				CLANG_WARN_COMMA = YES;
				CLANG_WARN_CONSTANT_CONVERSION = YES;
				CLANG_WARN_DEPRECATED_OBJC_IMPLEMENTATIONS = YES;
				CLANG_WARN_DIRECT_OBJC_ISA_USAGE = YES_ERROR;
				CLANG_WARN_DOCUMENTATION_COMMENTS = YES;
				CLANG_WARN_EMPTY_BODY = YES;
				CLANG_WARN_ENUM_CONVERSION = YES;
				CLANG_WARN_INFINITE_RECURSION = YES;
				CLANG_WARN_INT_CONVERSION = YES;
				CLANG_WARN_NON_LITERAL_NULL_CONVERSION = YES;
				CLANG_WARN_OBJC_IMPLICIT_RETAIN_SELF = YES;
				CLANG_WARN_OBJC_LITERAL_CONVERSION = YES;
				CLANG_WARN_OBJC_ROOT_CLASS = YES_ERROR;
				CLANG_WARN_QUOTED_INCLUDE_IN_FRAMEWORK_HEADER = YES;
				CLANG_WARN_RANGE_LOOP_ANALYSIS = YES;
				CLANG_WARN_STRICT_PROTOTYPES = YES;
				CLANG_WARN_SUSPICIOUS_MOVE = YES;
				CLANG_WARN_UNGUARDED_AVAILABILITY = YES_AGGRESSIVE;
				CLANG_WARN_UNREACHABLE_CODE = YES;
				CLANG_WARN__DUPLICATE_METHOD_MATCH = YES;
				COPY_PHASE_STRIP = NO;
				DEBUG_INFORMATION_FORMAT = "dwarf-with-dsym";
				ENABLE_NS_ASSERTIONS = NO;
				ENABLE_STRICT_OBJC_MSGSEND = YES;
				GCC_C_LANGUAGE_STANDARD = gnu11;
				GCC_NO_COMMON_BLOCKS = YES;
				GCC_WARN_64_TO_32_BIT_CONVERSION = YES;
				GCC_WARN_ABOUT_RETURN_TYPE = YES_ERROR;
				GCC_WARN_UNDECLARED_SELECTOR = YES;
				GCC_WARN_UNINITIALIZED_AUTOS = YES_AGGRESSIVE;
				GCC_WARN_UNUSED_FUNCTION = YES;
				GCC_WARN_UNUSED_VARIABLE = YES;
				IPHONEOS_DEPLOYMENT_TARGET = 16.0;
				MTL_ENABLE_DEBUG_INFO = NO;
				MTL_FAST_MATH = YES;
				SDKROOT = iphoneos;
				SWIFT_COMPILATION_MODE = wholemodule;
				SWIFT_OPTIMIZATION_LEVEL = "-O";
				VALIDATE_PRODUCT = YES;
			};
			name = Release;
		};
		332AB81F28F5973A00E0FD32 /* Debug */ = {
			isa = XCBuildConfiguration;
			buildSettings = {
				ASSETCATALOG_COMPILER_APPICON_NAME = AppIcon;
				ASSETCATALOG_COMPILER_GLOBAL_ACCENT_COLOR_NAME = AccentColor;
				CODE_SIGN_STYLE = Automatic;
				CURRENT_PROJECT_VERSION = 1;
				DEVELOPMENT_TEAM = M6BVSJT4WN;
				GENERATE_INFOPLIST_FILE = YES;
				INFOPLIST_FILE = Pokedex/Info.plist;
				INFOPLIST_KEY_UIApplicationSupportsIndirectInputEvents = YES;
				INFOPLIST_KEY_UILaunchStoryboardName = LaunchScreen;
				INFOPLIST_KEY_UISupportedInterfaceOrientations = UIInterfaceOrientationPortrait;
				LD_RUNPATH_SEARCH_PATHS = (
					"$(inherited)",
					"@executable_path/Frameworks",
				);
				MARKETING_VERSION = 1.0;
				PRODUCT_BUNDLE_IDENTIFIER = com.codingmonkey.Pokedex;
				PRODUCT_NAME = "$(TARGET_NAME)";
				SUPPORTED_PLATFORMS = "iphoneos iphonesimulator";
				SUPPORTS_MACCATALYST = NO;
				SUPPORTS_MAC_DESIGNED_FOR_IPHONE_IPAD = NO;
				SWIFT_EMIT_LOC_STRINGS = YES;
				SWIFT_VERSION = 5.0;
				TARGETED_DEVICE_FAMILY = 1;
			};
			name = Debug;
		};
		332AB82028F5973A00E0FD32 /* Release */ = {
			isa = XCBuildConfiguration;
			buildSettings = {
				ASSETCATALOG_COMPILER_APPICON_NAME = AppIcon;
				ASSETCATALOG_COMPILER_GLOBAL_ACCENT_COLOR_NAME = AccentColor;
				CODE_SIGN_STYLE = Automatic;
				CURRENT_PROJECT_VERSION = 1;
				DEVELOPMENT_TEAM = M6BVSJT4WN;
				GENERATE_INFOPLIST_FILE = YES;
				INFOPLIST_FILE = Pokedex/Info.plist;
				INFOPLIST_KEY_UIApplicationSupportsIndirectInputEvents = YES;
				INFOPLIST_KEY_UILaunchStoryboardName = LaunchScreen;
				INFOPLIST_KEY_UISupportedInterfaceOrientations = UIInterfaceOrientationPortrait;
				LD_RUNPATH_SEARCH_PATHS = (
					"$(inherited)",
					"@executable_path/Frameworks",
				);
				MARKETING_VERSION = 1.0;
				PRODUCT_BUNDLE_IDENTIFIER = com.codingmonkey.Pokedex;
				PRODUCT_NAME = "$(TARGET_NAME)";
				SUPPORTED_PLATFORMS = "iphoneos iphonesimulator";
				SUPPORTS_MACCATALYST = NO;
				SUPPORTS_MAC_DESIGNED_FOR_IPHONE_IPAD = NO;
				SWIFT_EMIT_LOC_STRINGS = YES;
				SWIFT_VERSION = 5.0;
				TARGETED_DEVICE_FAMILY = 1;
			};
			name = Release;
		};
/* End XCBuildConfiguration section */

/* Begin XCConfigurationList section */
		332AB80528F5973900E0FD32 /* Build configuration list for PBXProject "Pokedex" */ = {
			isa = XCConfigurationList;
			buildConfigurations = (
				332AB81C28F5973A00E0FD32 /* Debug */,
				332AB81D28F5973A00E0FD32 /* Release */,
			);
			defaultConfigurationIsVisible = 0;
			defaultConfigurationName = Release;
		};
		332AB81E28F5973A00E0FD32 /* Build configuration list for PBXNativeTarget "Pokedex" */ = {
			isa = XCConfigurationList;
			buildConfigurations = (
				332AB81F28F5973A00E0FD32 /* Debug */,
				332AB82028F5973A00E0FD32 /* Release */,
			);
			defaultConfigurationIsVisible = 0;
			defaultConfigurationName = Release;
		};
/* End XCConfigurationList section */
	};
	rootObject = 332AB80228F5973900E0FD32 /* Project object */;
}
